{
  "name": "@twkim96/control-server",
  "version": "1.5.1",
  "lockfileVersion": 3,
  "requires": true,
  "packages": {
    "": {
      "name": "@twkim96/control-server",
      "version": "1.5.1",
      "license": "MIT",
      "os": [
        "darwin"
      ],
      "bin": {
        "control-server": "bin/control-server.mjs"
      },
      "engines": {
        "node": ">=22"
      }
    }
  }
}
